
Microsoft Visual Studio Solution File, Format Version 12.00
# Visual Studio Version 16
VisualStudioVersion = 25.0.1706.0
MinimumVisualStudioVersion = 10.0.40219.1
Project("{FAE04EC0-301F-11D3-BF4B-00C04F79EFBC}") = "Opsi.AzureStorage", "Opsi.AzureStorage\Opsi.AzureStorage.csproj", "{31D2A6C3-8ACD-423B-9C33-0BDD4983D640}"
EndProject
Project("{FAE04EC0-301F-11D3-BF4B-00C04F79EFBC}") = "Opsi.Common", "Opsi.Common\Opsi.Common.csproj", "{89C7D9BE-CDDD-4F78-ABE5-549401D9D168}"
EndProject
Project("{FAE04EC0-301F-11D3-BF4B-00C04F79EFBC}") = "Opsi.Pocos", "Opsi.Pocos\Opsi.Pocos.csproj", "{45FC243F-F52D-43C0-AA9E-C801525630E2}"
EndProject
Project("{FAE04EC0-301F-11D3-BF4B-00C04F79EFBC}") = "Opsi.Services", "Opsi.Services\Opsi.Services.csproj", "{20BB9475-1811-4B47-A919-C3D0830DB185}"
EndProject
Project("{FAE04EC0-301F-11D3-BF4B-00C04F79EFBC}") = "Opsi.Notifications.SendGrid", "Opsi.Notifications.SendGrid\Opsi.Notifications.SendGrid.csproj", "{4DBB91EE-7620-4C32-B2F0-E1A8315D8D5D}"
EndProject
Project("{FAE04EC0-301F-11D3-BF4B-00C04F79EFBC}") = "Opsi.Notifications.Abstractions", "Opsi.Notifications.Abstractions\Opsi.Notifications.Abstractions.csproj", "{1C9F2A03-1C13-4030-8F28-5548434ABB35}"
EndProject
Project("{FAE04EC0-301F-11D3-BF4B-00C04F79EFBC}") = "Opsi.Constants", "Opsi.Constants\Opsi.Constants.csproj", "{9676B819-AB49-4504-A6E7-2181AD5EF252}"
EndProject
Project("{FAE04EC0-301F-11D3-BF4B-00C04F79EFBC}") = "Opsi.ErrorReporting.Services", "Opsi.ErrorReporting.Services\Opsi.ErrorReporting.Services.csproj", "{069741BB-EBC8-4FEF-843C-D8F065A5D65C}"
EndProject
Project("{FAE04EC0-301F-11D3-BF4B-00C04F79EFBC}") = "Opsi.Functions2", "Opsi.Functions2\Opsi.Functions2.csproj", "{E35E1257-8F67-4583-ADB8-45E60AE1E80F}"
EndProject
Project("{FAE04EC0-301F-11D3-BF4B-00C04F79EFBC}") = "Opsi.Abstractions", "Opsi.Abstractions\Opsi.Abstractions.csproj", "{00C1884C-7DB0-43A3-B1AE-2A9022B6B896}"
EndProject
Project("{FAE04EC0-301F-11D3-BF4B-00C04F79EFBC}") = "Opsi.Functions", "Opsi.Functions\Opsi.Functions.csproj", "{A1FF3141-AB1D-4335-81D3-BC005F70444D}"
EndProject
Project("{FAE04EC0-301F-11D3-BF4B-00C04F79EFBC}") = "Opsi.Common.Tests", "Opsi.Common.Tests\Opsi.Common.Tests.csproj", "{49981AE4-8B82-4368-A157-F895CDBA370C}"
EndProject
Project("{FAE04EC0-301F-11D3-BF4B-00C04F79EFBC}") = "Opsi.ErrorReporting.Services.Specs", "Opsi.ErrorReporting.Services.Specs\Opsi.ErrorReporting.Services.Specs.csproj", "{9C16EF3F-70EA-4B7D-BCC1-B8FD881509C0}"
EndProject
Global
	GlobalSection(SolutionConfigurationPlatforms) = preSolution
		Debug|Any CPU = Debug|Any CPU
		Release|Any CPU = Release|Any CPU
	EndGlobalSection
	GlobalSection(ProjectConfigurationPlatforms) = postSolution
		{31D2A6C3-8ACD-423B-9C33-0BDD4983D640}.Debug|Any CPU.ActiveCfg = Debug|Any CPU
		{31D2A6C3-8ACD-423B-9C33-0BDD4983D640}.Debug|Any CPU.Build.0 = Debug|Any CPU
		{31D2A6C3-8ACD-423B-9C33-0BDD4983D640}.Release|Any CPU.ActiveCfg = Release|Any CPU
		{31D2A6C3-8ACD-423B-9C33-0BDD4983D640}.Release|Any CPU.Build.0 = Release|Any CPU
		{89C7D9BE-CDDD-4F78-ABE5-549401D9D168}.Debug|Any CPU.ActiveCfg = Debug|Any CPU
		{89C7D9BE-CDDD-4F78-ABE5-549401D9D168}.Debug|Any CPU.Build.0 = Debug|Any CPU
		{89C7D9BE-CDDD-4F78-ABE5-549401D9D168}.Release|Any CPU.ActiveCfg = Release|Any CPU
		{89C7D9BE-CDDD-4F78-ABE5-549401D9D168}.Release|Any CPU.Build.0 = Release|Any CPU
		{45FC243F-F52D-43C0-AA9E-C801525630E2}.Debug|Any CPU.ActiveCfg = Debug|Any CPU
		{45FC243F-F52D-43C0-AA9E-C801525630E2}.Debug|Any CPU.Build.0 = Debug|Any CPU
		{45FC243F-F52D-43C0-AA9E-C801525630E2}.Release|Any CPU.ActiveCfg = Release|Any CPU
		{45FC243F-F52D-43C0-AA9E-C801525630E2}.Release|Any CPU.Build.0 = Release|Any CPU
		{20BB9475-1811-4B47-A919-C3D0830DB185}.Debug|Any CPU.ActiveCfg = Debug|Any CPU
		{20BB9475-1811-4B47-A919-C3D0830DB185}.Debug|Any CPU.Build.0 = Debug|Any CPU
		{20BB9475-1811-4B47-A919-C3D0830DB185}.Release|Any CPU.ActiveCfg = Release|Any CPU
		{20BB9475-1811-4B47-A919-C3D0830DB185}.Release|Any CPU.Build.0 = Release|Any CPU
		{4DBB91EE-7620-4C32-B2F0-E1A8315D8D5D}.Debug|Any CPU.ActiveCfg = Debug|Any CPU
		{4DBB91EE-7620-4C32-B2F0-E1A8315D8D5D}.Debug|Any CPU.Build.0 = Debug|Any CPU
		{4DBB91EE-7620-4C32-B2F0-E1A8315D8D5D}.Release|Any CPU.ActiveCfg = Release|Any CPU
		{4DBB91EE-7620-4C32-B2F0-E1A8315D8D5D}.Release|Any CPU.Build.0 = Release|Any CPU
		{1C9F2A03-1C13-4030-8F28-5548434ABB35}.Debug|Any CPU.ActiveCfg = Debug|Any CPU
		{1C9F2A03-1C13-4030-8F28-5548434ABB35}.Debug|Any CPU.Build.0 = Debug|Any CPU
		{1C9F2A03-1C13-4030-8F28-5548434ABB35}.Release|Any CPU.ActiveCfg = Release|Any CPU
		{1C9F2A03-1C13-4030-8F28-5548434ABB35}.Release|Any CPU.Build.0 = Release|Any CPU
		{9676B819-AB49-4504-A6E7-2181AD5EF252}.Debug|Any CPU.ActiveCfg = Debug|Any CPU
		{9676B819-AB49-4504-A6E7-2181AD5EF252}.Debug|Any CPU.Build.0 = Debug|Any CPU
		{9676B819-AB49-4504-A6E7-2181AD5EF252}.Release|Any CPU.ActiveCfg = Release|Any CPU
		{9676B819-AB49-4504-A6E7-2181AD5EF252}.Release|Any CPU.Build.0 = Release|Any CPU
		{069741BB-EBC8-4FEF-843C-D8F065A5D65C}.Debug|Any CPU.ActiveCfg = Debug|Any CPU
		{069741BB-EBC8-4FEF-843C-D8F065A5D65C}.Debug|Any CPU.Build.0 = Debug|Any CPU
		{069741BB-EBC8-4FEF-843C-D8F065A5D65C}.Release|Any CPU.ActiveCfg = Release|Any CPU
		{069741BB-EBC8-4FEF-843C-D8F065A5D65C}.Release|Any CPU.Build.0 = Release|Any CPU
		{E35E1257-8F67-4583-ADB8-45E60AE1E80F}.Debug|Any CPU.ActiveCfg = Debug|Any CPU
		{E35E1257-8F67-4583-ADB8-45E60AE1E80F}.Debug|Any CPU.Build.0 = Debug|Any CPU
		{E35E1257-8F67-4583-ADB8-45E60AE1E80F}.Release|Any CPU.ActiveCfg = Release|Any CPU
		{E35E1257-8F67-4583-ADB8-45E60AE1E80F}.Release|Any CPU.Build.0 = Release|Any CPU
		{00C1884C-7DB0-43A3-B1AE-2A9022B6B896}.Debug|Any CPU.ActiveCfg = Debug|Any CPU
		{00C1884C-7DB0-43A3-B1AE-2A9022B6B896}.Debug|Any CPU.Build.0 = Debug|Any CPU
		{00C1884C-7DB0-43A3-B1AE-2A9022B6B896}.Release|Any CPU.ActiveCfg = Release|Any CPU
		{00C1884C-7DB0-43A3-B1AE-2A9022B6B896}.Release|Any CPU.Build.0 = Release|Any CPU
		{A1FF3141-AB1D-4335-81D3-BC005F70444D}.Debug|Any CPU.ActiveCfg = Debug|Any CPU
		{A1FF3141-AB1D-4335-81D3-BC005F70444D}.Debug|Any CPU.Build.0 = Debug|Any CPU
		{A1FF3141-AB1D-4335-81D3-BC005F70444D}.Release|Any CPU.ActiveCfg = Release|Any CPU
		{A1FF3141-AB1D-4335-81D3-BC005F70444D}.Release|Any CPU.Build.0 = Release|Any CPU
		{49981AE4-8B82-4368-A157-F895CDBA370C}.Debug|Any CPU.ActiveCfg = Debug|Any CPU
		{49981AE4-8B82-4368-A157-F895CDBA370C}.Debug|Any CPU.Build.0 = Debug|Any CPU
		{49981AE4-8B82-4368-A157-F895CDBA370C}.Release|Any CPU.ActiveCfg = Release|Any CPU
		{49981AE4-8B82-4368-A157-F895CDBA370C}.Release|Any CPU.Build.0 = Release|Any CPU
		{9C16EF3F-70EA-4B7D-BCC1-B8FD881509C0}.Debug|Any CPU.ActiveCfg = Debug|Any CPU
		{9C16EF3F-70EA-4B7D-BCC1-B8FD881509C0}.Debug|Any CPU.Build.0 = Debug|Any CPU
		{9C16EF3F-70EA-4B7D-BCC1-B8FD881509C0}.Release|Any CPU.ActiveCfg = Release|Any CPU
		{9C16EF3F-70EA-4B7D-BCC1-B8FD881509C0}.Release|Any CPU.Build.0 = Release|Any CPU
	EndGlobalSection
	GlobalSection(SolutionProperties) = preSolution
		HideSolutionNode = FALSE
	EndGlobalSection
	GlobalSection(ExtensibilityGlobals) = postSolution
		SolutionGuid = {D9A9E3E1-7415-491C-B3EA-3401C6F43593}
	EndGlobalSection
	GlobalSection(NestedProjects) = preSolution
	EndGlobalSection
EndGlobal
